
Microsoft Visual Studio Solution File, Format Version 12.00
# Visual Studio Version 17
VisualStudioVersion = 17.14.36511.14
MinimumVisualStudioVersion = 10.0.40219.1
Project("{FAE04EC0-301F-11D3-BF4B-00C04F79EFBC}") = "FT ProgramWPF", "FT ProgramWPF\FT ProgramWPF.csproj", "{5827BCD6-185F-43E9-824C-A7497AD3F6B0}"
	ProjectSection(ProjectDependencies) = postProject
		{26068534-22AC-D41E-CCA6-8A49D8AE15C4} = {26068534-22AC-D41E-CCA6-8A49D8AE15C4}
	EndProjectSection
EndProject
Project("{FAE04EC0-301F-11D3-BF4B-00C04F79EFBC}") = "RpcShared", "..\RpcShared\RpcShared.csproj", "{26068534-22AC-D41E-CCA6-8A49D8AE15C4}"
EndProject
Project("{FAE04EC0-301F-11D3-BF4B-00C04F79EFBC}") = "RPCServerFT", "..\RPCServerFT\RPCServerFT.csproj", "{60E37E25-1426-FECF-381E-475502326CDA}"
EndProject
Global
	GlobalSection(SolutionConfigurationPlatforms) = preSolution
		Debug|Any CPU = Debug|Any CPU
		Release|Any CPU = Release|Any CPU
	EndGlobalSection
	GlobalSection(ProjectConfigurationPlatforms) = postSolution
		{5827BCD6-185F-43E9-824C-A7497AD3F6B0}.Debug|Any CPU.ActiveCfg = Debug|Any CPU
		{5827BCD6-185F-43E9-824C-A7497AD3F6B0}.Debug|Any CPU.Build.0 = Debug|Any CPU
		{5827BCD6-185F-43E9-824C-A7497AD3F6B0}.Release|Any CPU.ActiveCfg = Release|Any CPU
		{5827BCD6-185F-43E9-824C-A7497AD3F6B0}.Release|Any CPU.Build.0 = Release|Any CPU
		{26068534-22AC-D41E-CCA6-8A49D8AE15C4}.Debug|Any CPU.ActiveCfg = Debug|Any CPU
		{26068534-22AC-D41E-CCA6-8A49D8AE15C4}.Debug|Any CPU.Build.0 = Debug|Any CPU
		{26068534-22AC-D41E-CCA6-8A49D8AE15C4}.Release|Any CPU.ActiveCfg = Release|Any CPU
		{26068534-22AC-D41E-CCA6-8A49D8AE15C4}.Release|Any CPU.Build.0 = Release|Any CPU
		{60E37E25-1426-FECF-381E-475502326CDA}.Debug|Any CPU.ActiveCfg = Debug|Any CPU
		{60E37E25-1426-FECF-381E-475502326CDA}.Debug|Any CPU.Build.0 = Debug|Any CPU
		{60E37E25-1426-FECF-381E-475502326CDA}.Release|Any CPU.ActiveCfg = Release|Any CPU
		{60E37E25-1426-FECF-381E-475502326CDA}.Release|Any CPU.Build.0 = Release|Any CPU
	EndGlobalSection
	GlobalSection(SolutionProperties) = preSolution
		HideSolutionNode = FALSE
	EndGlobalSection
	GlobalSection(ExtensibilityGlobals) = postSolution
		SolutionGuid = {D3B181A7-FF24-42C9-89DB-6B5E131B93BC}
	EndGlobalSection
EndGlobal
